version: 1.0
shards:
  db:
    github: crystal-lang/crystal-db
    version: 0.5.1

  discordcr:
    github: meew0/discordcr
    commit: 1d40f5fa0c9069a817ddbb3daf26782607d69d7d

  discordcr-middleware:
    github: z64/discordcr-middleware
    commit: 1606ec9a61aa8aa1c04810227fd796807f8ffb93

  discordcr-plugin:
    github: z64/discordcr-plugin
    commit: a34dacfd56f5b1dd1d54e64ec4d787bed5f57dd3

  micrate:
    github: amberframework/micrate
    commit: 8e7ce6f05536d343950023b2cb26cb3983ae0944

  pg:
    github: will/crystal-pg
    version: 0.15.0

  rate_limiter:
    github: z64/rate_limiter
    commit: b9992a7c474f9f863aa34ac677244d6b520cba97

