version: 1.0
shards:
  discordcr:
    github: meew0/discordcr
    commit: ef2b4bab2e701bc42bdf37f1db432e31d1734294

  discordcr-middleware:
    github: z64/discordcr-middleware
    commit: dff0bcf5aa75dfda5ba1d4cf829174293418d83a

  pool:
    github: ysbaddaden/pool
    version: 0.2.3

  rate_limiter:
    github: z64/rate_limiter
    commit: b9992a7c474f9f863aa34ac677244d6b520cba97

  redis:
    github: stefanwille/crystal-redis
    version: 1.11.0

  redis-reconnect:
    github: kostya/redis-reconnect
    version: 0.3

  redisoid:
    github: kostya/redisoid
    version: 0.3

