version: 1.0
shards:
  discordcr:
    github: meew0/discordcr
    commit: 1640326daf746ab662e1dc29788f66fe5383e0cf

  discordcr-middleware:
    github: z64/discordcr-middleware
    commit: 3456d14aedcf9ff9038eb7ac57a4a06f8fd5e75e

  pool:
    github: ysbaddaden/pool
    version: 0.2.3

  rate_limiter:
    github: z64/rate_limiter
    commit: b9992a7c474f9f863aa34ac677244d6b520cba97

  redis:
    github: stefanwille/crystal-redis
    version: 1.11.0

  redis-reconnect:
    github: kostya/redis-reconnect
    version: 0.3

  redisoid:
    github: kostya/redisoid
    version: 0.3

